
Microsoft Visual Studio Solution File, Format Version 12.00
# Visual Studio Version 17
VisualStudioVersion = 17.0.31903.59
MinimumVisualStudioVersion = 10.0.40219.1
Project("{2150E333-8FDC-42A3-9474-1A3956D46DE8}") = "src", "src", "{1E680C10-FE0C-4AF1-9348-C6BF6FBBA230}"
EndProject
Project("{2150E333-8FDC-42A3-9474-1A3956D46DE8}") = "Api", "Api", "{985828E8-CF13-4172-A0A6-FEFF6B3C3AA2}"
EndProject
Project("{FAE04EC0-301F-11D3-BF4B-00C04F79EFBC}") = "Iys.Api", "src\Api\Iys.Api\Iys.Api.csproj", "{69E5B32C-731E-4A02-A3BE-3AFD3914EA1C}"
EndProject
Project("{2150E333-8FDC-42A3-9474-1A3956D46DE8}") = "BuildingBlocks", "BuildingBlocks", "{1690C2DE-BE9F-4E28-B7BD-47E50560D9C6}"
EndProject
Project("{FAE04EC0-301F-11D3-BF4B-00C04F79EFBC}") = "Iys.SharedKernel", "src\BuildingBlocks\Iys.SharedKernel\Iys.SharedKernel.csproj", "{2EA65E53-A66E-44D0-9A54-6BB94422F5F2}"
EndProject
Project("{2150E333-8FDC-42A3-9474-1A3956D46DE8}") = "Modules", "Modules", "{F24697DC-553C-4661-B71F-2184DC3EC7C3}"
EndProject
Project("{2150E333-8FDC-42A3-9474-1A3956D46DE8}") = "Catalog", "Catalog", "{3EBA476D-5956-4F4A-AD14-75581497A1C7}"
EndProject
Project("{FAE04EC0-301F-11D3-BF4B-00C04F79EFBC}") = "Iys.Modules.Catalog", "src\Modules\Catalog\Iys.Modules.Catalog\Iys.Modules.Catalog.csproj", "{4CDB1750-6852-485F-9887-EA2EE0EA67F9}"
EndProject
Project("{2150E333-8FDC-42A3-9474-1A3956D46DE8}") = "Inventory", "Inventory", "{E0EB70ED-2B25-4F10-9554-B3B985DC1D0E}"
EndProject
Project("{FAE04EC0-301F-11D3-BF4B-00C04F79EFBC}") = "Iys.Modules.Inventory", "src\Modules\Inventory\Iys.Modules.Inventory\Iys.Modules.Inventory.csproj", "{513A14E5-36F0-4234-B0F7-A28BAF4EF75C}"
EndProject
Project("{2150E333-8FDC-42A3-9474-1A3956D46DE8}") = "Purchasing", "Purchasing", "{90D20905-306F-49A7-BB34-DF1F79EE0E1E}"
EndProject
Project("{FAE04EC0-301F-11D3-BF4B-00C04F79EFBC}") = "Iys.Modules.Purchasing", "src\Modules\Purchasing\Iys.Modules.Purchasing\Iys.Modules.Purchasing.csproj", "{0C0306C8-D3C2-4A1C-BE48-9608300F9F8D}"
EndProject
Project("{2150E333-8FDC-42A3-9474-1A3956D46DE8}") = "Reporting", "Reporting", "{C4251025-B104-4345-B310-816CDE1642D7}"
EndProject
Project("{FAE04EC0-301F-11D3-BF4B-00C04F79EFBC}") = "Iys.Modules.Reporting", "src\Modules\Reporting\Iys.Modules.Reporting\Iys.Modules.Reporting.csproj", "{DB83EAF6-F71F-44C8-A7B1-9FDCD89BE382}"
EndProject
Project("{2150E333-8FDC-42A3-9474-1A3956D46DE8}") = "Ai", "Ai", "{AD728879-696D-485E-B0B6-593C578824E4}"
EndProject
Project("{FAE04EC0-301F-11D3-BF4B-00C04F79EFBC}") = "Iys.Modules.Ai", "src\Modules\Ai\Iys.Modules.Ai\Iys.Modules.Ai.csproj", "{ADC14CC6-987C-4CD9-A3A1-3A461DD7138B}"
EndProject
Global
	GlobalSection(SolutionConfigurationPlatforms) = preSolution
		Debug|Any CPU = Debug|Any CPU
		Release|Any CPU = Release|Any CPU
	EndGlobalSection
	GlobalSection(SolutionProperties) = preSolution
		HideSolutionNode = FALSE
	EndGlobalSection
	GlobalSection(ProjectConfigurationPlatforms) = postSolution
		{69E5B32C-731E-4A02-A3BE-3AFD3914EA1C}.Debug|Any CPU.ActiveCfg = Debug|Any CPU
		{69E5B32C-731E-4A02-A3BE-3AFD3914EA1C}.Debug|Any CPU.Build.0 = Debug|Any CPU
		{69E5B32C-731E-4A02-A3BE-3AFD3914EA1C}.Release|Any CPU.ActiveCfg = Release|Any CPU
		{69E5B32C-731E-4A02-A3BE-3AFD3914EA1C}.Release|Any CPU.Build.0 = Release|Any CPU
		{2EA65E53-A66E-44D0-9A54-6BB94422F5F2}.Debug|Any CPU.ActiveCfg = Debug|Any CPU
		{2EA65E53-A66E-44D0-9A54-6BB94422F5F2}.Debug|Any CPU.Build.0 = Debug|Any CPU
		{2EA65E53-A66E-44D0-9A54-6BB94422F5F2}.Release|Any CPU.ActiveCfg = Release|Any CPU
		{2EA65E53-A66E-44D0-9A54-6BB94422F5F2}.Release|Any CPU.Build.0 = Release|Any CPU
		{4CDB1750-6852-485F-9887-EA2EE0EA67F9}.Debug|Any CPU.ActiveCfg = Debug|Any CPU
		{4CDB1750-6852-485F-9887-EA2EE0EA67F9}.Debug|Any CPU.Build.0 = Debug|Any CPU
		{4CDB1750-6852-485F-9887-EA2EE0EA67F9}.Release|Any CPU.ActiveCfg = Release|Any CPU
		{4CDB1750-6852-485F-9887-EA2EE0EA67F9}.Release|Any CPU.Build.0 = Release|Any CPU
		{513A14E5-36F0-4234-B0F7-A28BAF4EF75C}.Debug|Any CPU.ActiveCfg = Debug|Any CPU
		{513A14E5-36F0-4234-B0F7-A28BAF4EF75C}.Debug|Any CPU.Build.0 = Debug|Any CPU
		{513A14E5-36F0-4234-B0F7-A28BAF4EF75C}.Release|Any CPU.ActiveCfg = Release|Any CPU
		{513A14E5-36F0-4234-B0F7-A28BAF4EF75C}.Release|Any CPU.Build.0 = Release|Any CPU
		{0C0306C8-D3C2-4A1C-BE48-9608300F9F8D}.Debug|Any CPU.ActiveCfg = Debug|Any CPU
		{0C0306C8-D3C2-4A1C-BE48-9608300F9F8D}.Debug|Any CPU.Build.0 = Debug|Any CPU
		{0C0306C8-D3C2-4A1C-BE48-9608300F9F8D}.Release|Any CPU.ActiveCfg = Release|Any CPU
		{0C0306C8-D3C2-4A1C-BE48-9608300F9F8D}.Release|Any CPU.Build.0 = Release|Any CPU
		{DB83EAF6-F71F-44C8-A7B1-9FDCD89BE382}.Debug|Any CPU.ActiveCfg = Debug|Any CPU
		{DB83EAF6-F71F-44C8-A7B1-9FDCD89BE382}.Debug|Any CPU.Build.0 = Debug|Any CPU
		{DB83EAF6-F71F-44C8-A7B1-9FDCD89BE382}.Release|Any CPU.ActiveCfg = Release|Any CPU
		{DB83EAF6-F71F-44C8-A7B1-9FDCD89BE382}.Release|Any CPU.Build.0 = Release|Any CPU
		{ADC14CC6-987C-4CD9-A3A1-3A461DD7138B}.Debug|Any CPU.ActiveCfg = Debug|Any CPU
		{ADC14CC6-987C-4CD9-A3A1-3A461DD7138B}.Debug|Any CPU.Build.0 = Debug|Any CPU
		{ADC14CC6-987C-4CD9-A3A1-3A461DD7138B}.Release|Any CPU.ActiveCfg = Release|Any CPU
		{ADC14CC6-987C-4CD9-A3A1-3A461DD7138B}.Release|Any CPU.Build.0 = Release|Any CPU
	EndGlobalSection
	GlobalSection(NestedProjects) = preSolution
		{985828E8-CF13-4172-A0A6-FEFF6B3C3AA2} = {1E680C10-FE0C-4AF1-9348-C6BF6FBBA230}
		{69E5B32C-731E-4A02-A3BE-3AFD3914EA1C} = {985828E8-CF13-4172-A0A6-FEFF6B3C3AA2}
		{1690C2DE-BE9F-4E28-B7BD-47E50560D9C6} = {1E680C10-FE0C-4AF1-9348-C6BF6FBBA230}
		{2EA65E53-A66E-44D0-9A54-6BB94422F5F2} = {1690C2DE-BE9F-4E28-B7BD-47E50560D9C6}
		{F24697DC-553C-4661-B71F-2184DC3EC7C3} = {1E680C10-FE0C-4AF1-9348-C6BF6FBBA230}
		{3EBA476D-5956-4F4A-AD14-75581497A1C7} = {F24697DC-553C-4661-B71F-2184DC3EC7C3}
		{4CDB1750-6852-485F-9887-EA2EE0EA67F9} = {3EBA476D-5956-4F4A-AD14-75581497A1C7}
		{E0EB70ED-2B25-4F10-9554-B3B985DC1D0E} = {F24697DC-553C-4661-B71F-2184DC3EC7C3}
		{513A14E5-36F0-4234-B0F7-A28BAF4EF75C} = {E0EB70ED-2B25-4F10-9554-B3B985DC1D0E}
		{90D20905-306F-49A7-BB34-DF1F79EE0E1E} = {F24697DC-553C-4661-B71F-2184DC3EC7C3}
		{0C0306C8-D3C2-4A1C-BE48-9608300F9F8D} = {90D20905-306F-49A7-BB34-DF1F79EE0E1E}
		{C4251025-B104-4345-B310-816CDE1642D7} = {F24697DC-553C-4661-B71F-2184DC3EC7C3}
		{DB83EAF6-F71F-44C8-A7B1-9FDCD89BE382} = {C4251025-B104-4345-B310-816CDE1642D7}
		{AD728879-696D-485E-B0B6-593C578824E4} = {F24697DC-553C-4661-B71F-2184DC3EC7C3}
		{ADC14CC6-987C-4CD9-A3A1-3A461DD7138B} = {AD728879-696D-485E-B0B6-593C578824E4}
	EndGlobalSection
EndGlobal
